{
  "name": "project_groep12",
  "lockfileVersion": 3,
  "requires": true,
  "packages": {
    "": {
      "dependencies": {
        "nodemailer": "^7.0.3",
        "react-router-dom": "^7.6.2"
      }
    },
    "node_modules/nodemailer": {
      "version": "7.0.3",
      "resolved": "https://registry.npmjs.org/nodemailer/-/nodemailer-7.0.3.tgz",
      "integrity": "sha512-Ajq6Sz1x7cIK3pN6KesGTah+1gnwMnx5gKl3piQlQQE/PwyJ4Mbc8is2psWYxK3RJTVeqsDaCv8ZzXLCDHMTZw==",
      "license": "MIT-0",
      "engines": {
        "node": ">=6.0.0"
      }
    },
    "node_modules/react": {
      "version": "19.1.0",
      "license": "MIT",
      "peer": true,
      "engines": {
        "node": ">=0.10.0"
      }
    },
    "node_modules/react-dom": {
      "version": "19.1.0",
      "license": "MIT",
      "peer": true,
      "dependencies": {
        "scheduler": "^0.26.0"
      },
      "peerDependencies": {
        "react": "^19.1.0"
      }
    },
    "node_modules/react-dom/node_modules/scheduler": {
      "version": "0.26.0",
      "license": "MIT",
      "peer": true
    },
    "node_modules/react-router": {
      "version": "7.6.2",
      "license": "MIT",
      "dependencies": {
        "cookie": "^1.0.1",
        "set-cookie-parser": "^2.6.0"
      },
      "engines": {
        "node": ">=20.0.0"
      },
      "peerDependencies": {
        "react": ">=18",
        "react-dom": ">=18"
      },
      "peerDependenciesMeta": {
        "react-dom": {
          "optional": true
        }
      }
    },
    "node_modules/react-router-dom": {
      "version": "7.6.2",
      "license": "MIT",
      "dependencies": {
        "react-router": "7.6.2"
      },
      "engines": {
        "node": ">=20.0.0"
      },
      "peerDependencies": {
        "react": ">=18",
        "react-dom": ">=18"
      }
    },
    "node_modules/react-router/node_modules/cookie": {
      "version": "1.0.2",
      "license": "MIT",
      "engines": {
        "node": ">=18"
      }
    },
    "node_modules/react-router/node_modules/set-cookie-parser": {
      "version": "2.7.1",
      "license": "MIT"
    }
  }
}
